prepare:
  cmd: python src/prepare.py
  deps:
  - path: data/raw
    md5: 2a56aca8effb495ce924a48bd45e98d1.dir
  - path: src/prepare.py
    md5: 6a6925949d26194b9d5feba227650fd9
  outs:
  - path: data/prepared/test.csv
    md5: 3a89390dc5e83605626347a07c10b3e6
  - path: data/prepared/train.csv
    md5: f5244707602f9c5d3d7425605a64f8ec
train:
  cmd: python src/train.py
  deps:
  - path: data/prepared/train.csv
    md5: f5244707602f9c5d3d7425605a64f8ec
  - path: src/train.py
    md5: fba02db450a577e4eef0ce583a5dca3e
  outs:
  - path: model/model.joblib
    md5: 43354755ea9679c09f37c7c3299faf3a
evaluate:
  cmd: python src/evaluate.py
  deps:
  - path: model/model.joblib
    md5: 43354755ea9679c09f37c7c3299faf3a
  - path: src/evaluate.py
    md5: b197277667d6269271fff4ae4af8a941
  outs:
  - path: metrics/accuracy.json
    md5: 949ac3a4bc6c502df4307aeb6a101c8a
